
Microsoft Visual Studio Solution File, Format Version 12.00
# Blend for Visual Studio Version 17
VisualStudioVersion = 17.13.35931.197 d17.13
MinimumVisualStudioVersion = 10.0.40219.1
Project("{FAE04EC0-301F-11D3-BF4B-00C04F79EFBC}") = "5.오디오태그", "5.오디오태그.csproj", "{6ADF99A8-8CB3-4F8A-946E-8CCC39A1E256}"
EndProject
Global
	GlobalSection(SolutionConfigurationPlatforms) = preSolution
		Debug|Any CPU = Debug|Any CPU
		Release|Any CPU = Release|Any CPU
	EndGlobalSection
	GlobalSection(ProjectConfigurationPlatforms) = postSolution
		{6ADF99A8-8CB3-4F8A-946E-8CCC39A1E256}.Debug|Any CPU.ActiveCfg = Debug|Any CPU
		{6ADF99A8-8CB3-4F8A-946E-8CCC39A1E256}.Debug|Any CPU.Build.0 = Debug|Any CPU
		{6ADF99A8-8CB3-4F8A-946E-8CCC39A1E256}.Release|Any CPU.ActiveCfg = Release|Any CPU
		{6ADF99A8-8CB3-4F8A-946E-8CCC39A1E256}.Release|Any CPU.Build.0 = Release|Any CPU
	EndGlobalSection
	GlobalSection(SolutionProperties) = preSolution
		HideSolutionNode = FALSE
	EndGlobalSection
	GlobalSection(ExtensibilityGlobals) = postSolution
		SolutionGuid = {C920C9B8-EF19-4531-BA6B-73521EFCA270}
	EndGlobalSection
EndGlobal
